<?xml version="1.0" encoding="UTF-8" standalone="yes" ?>
<CodeBlocks_project_file>
	<FileVersion major="1" minor="6" />
	<Project>
		<Option title="SimulationTrial" />
		<Option pch_mode="2" />
		<Option compiler="gcc" />
		<Build>
			<Target title="Debug">
				<Option output="Exe\GUISimulationDebug" prefix_auto="1" extension_auto="1" />
				<Option object_output="oD\" />
				<Option type="0" />
				<Option compiler="gcc" />
				<Compiler>
					<Add option="-w" />
					<Add option="-g" />
					<Add directory="Config" />
					<Add directory="GUI\Include" />
					<Add directory="System\Simulation" />
					<Add directory="System\Simulation\SIM_GUI" />
					<Add directory="System\Simulation\Res" />
				</Compiler>
				<ResourceCompiler>
					<Add directory="System\Simulation\Res" />
					<Add directory="System\Simulation" />
				</ResourceCompiler>
				<Linker>
					<Add library="GUI\Library\GUI.a" />
					<Add library="libgdi32.a" />
					<Add library="libwinmm.a" />
				</Linker>
			</Target>
			<Target title="Release">
				<Option output="Exe\GUISimulation" prefix_auto="1" extension_auto="1" />
				<Option object_output="oR\" />
				<Option type="0" />
				<Option compiler="gcc" />
				<Compiler>
					<Add option="-O2" />
					<Add option="-w" />
					<Add directory="Config" />
					<Add directory="GUI\Include" />
					<Add directory="System\Simulation" />
					<Add directory="System\Simulation\SIM_GUI" />
					<Add directory="System\Simulation\Res" />
				</Compiler>
				<ResourceCompiler>
					<Add directory="Simulation\SIM_GUI\Branding\Segger" />
					<Add directory="System\Simulation\Res" />
					<Add directory="System\Simulation" />
				</ResourceCompiler>
				<Linker>
					<Add option="-s" />
					<Add library="GUI\Library\GUI.a" />
					<Add library="libgdi32.a" />
					<Add library="libwinmm.a" />
				</Linker>
			</Target>
		</Build>
		<Compiler>
			<Add option="-Wall" />
		</Compiler>
		<Linker>
			<Add library="Simulation\SimulationMinGW.res" />
			<Add library="GUI\Library\GUI.a" />
			<Add library="Simulation\GUISim.a" />
		</Linker>
		<Unit filename="Application\GUIDEMO.c">
			<Option compilerVar="CC" />
		</Unit>
		<Unit filename="Application\GUIDEMO.h" />
		<Unit filename="Application\GUIDEMO_AntialiasedText.c">
			<Option compilerVar="CC" />
		</Unit>
		<Unit filename="Application\GUIDEMO_Automotive.c">
			<Option compilerVar="CC" />
		</Unit>
		<Unit filename="Application\GUIDEMO_BarGraph.c">
			<Option compilerVar="CC" />
		</Unit>
		<Unit filename="Application\GUIDEMO_Bitmap.c">
			<Option compilerVar="CC" />
		</Unit>
		<Unit filename="Application\GUIDEMO_ColorBar.c">
			<Option compilerVar="CC" />
		</Unit>
		<Unit filename="Application\GUIDEMO_Conf.c">
			<Option compilerVar="CC" />
		</Unit>
		<Unit filename="Application\GUIDEMO_Cursor.c">
			<Option compilerVar="CC" />
		</Unit>
		<Unit filename="Application\GUIDEMO_Fading.c">
			<Option compilerVar="CC" />
		</Unit>
		<Unit filename="Application\GUIDEMO_Graph.c">
			<Option compilerVar="CC" />
		</Unit>
		<Unit filename="Application\GUIDEMO_IconView.c">
			<Option compilerVar="CC" />
		</Unit>
		<Unit filename="Application\GUIDEMO_ImageFlow.c">
			<Option compilerVar="CC" />
		</Unit>
		<Unit filename="Application\GUIDEMO_Intro.c">
			<Option compilerVar="CC" />
		</Unit>
		<Unit filename="Application\GUIDEMO_Listview.c">
			<Option compilerVar="CC" />
		</Unit>
		<Unit filename="Application\GUIDEMO_RadialMenu.c">
			<Option compilerVar="CC" />
		</Unit>
		<Unit filename="Application\GUIDEMO_Resource.c">
			<Option compilerVar="CC" />
		</Unit>
		<Unit filename="Application\GUIDEMO_Skinning.c">
			<Option compilerVar="CC" />
		</Unit>
		<Unit filename="Application\GUIDEMO_Speed.c">
			<Option compilerVar="CC" />
		</Unit>
		<Unit filename="Application\GUIDEMO_Speedometer.c">
			<Option compilerVar="CC" />
		</Unit>
		<Unit filename="Application\GUIDEMO_Start.c">
			<Option compilerVar="CC" />
		</Unit>
		<Unit filename="Application\GUIDEMO_TransparentDialog.c">
			<Option compilerVar="CC" />
		</Unit>
		<Unit filename="Application\GUIDEMO_Treeview.c">
			<Option compilerVar="CC" />
		</Unit>
		<Unit filename="Application\GUIDEMO_VScreen.c">
			<Option compilerVar="CC" />
		</Unit>
		<Unit filename="Application\GUIDEMO_WashingMachine.c">
			<Option compilerVar="CC" />
		</Unit>
		<Unit filename="Application\GUIDEMO_ZoomAndRotate.c">
			<Option compilerVar="CC" />
		</Unit>
		<Unit filename="Config\GUIConf.c">
			<Option compilerVar="CC" />
		</Unit>
		<Unit filename="Config\LCDConf.c">
			<Option compilerVar="CC" />
		</Unit>
		<Unit filename="Config\SIMConf.c">
			<Option compilerVar="CC" />
		</Unit>
		<Unit filename="GUI\Include\BUTTON.h" />
		<Unit filename="GUI\Include\BUTTON_Private.h" />
		<Unit filename="GUI\Include\CHECKBOX.h" />
		<Unit filename="GUI\Include\CHECKBOX_Private.h" />
		<Unit filename="GUI\Include\CHOOSECOLOR.h" />
		<Unit filename="GUI\Include\CHOOSEFILE.h" />
		<Unit filename="GUI\Include\DIALOG.h" />
		<Unit filename="GUI\Include\DIALOG_Intern.h" />
		<Unit filename="GUI\Include\DROPDOWN.h" />
		<Unit filename="GUI\Include\DROPDOWN_Private.h" />
		<Unit filename="GUI\Include\EDIT.h" />
		<Unit filename="GUI\Include\EDIT_Private.h" />
		<Unit filename="GUI\Include\FRAMEWIN.h" />
		<Unit filename="GUI\Include\FRAMEWIN_Private.h" />
		<Unit filename="GUI\Include\GRAPH.h" />
		<Unit filename="GUI\Include\GRAPH_Private.h" />
		<Unit filename="GUI\Include\GUI.h" />
		<Unit filename="GUI\Include\GUI_ARRAY.h" />
		<Unit filename="GUI\Include\GUI_ARRAY_Private.h" />
		<Unit filename="GUI\Include\GUI_BMP_Private.h" />
		<Unit filename="GUI\Include\GUI_ConfDefaults.h" />
		<Unit filename="GUI\Include\GUI_Debug.h" />
		<Unit filename="GUI\Include\GUI_FontIntern.h" />
		<Unit filename="GUI\Include\GUI_GIF_Private.h" />
		<Unit filename="GUI\Include\GUI_HOOK.h" />
		<Unit filename="GUI\Include\GUI_JPEG_Private.h" />
		<Unit filename="GUI\Include\GUI_Private.h" />
		<Unit filename="GUI\Include\GUI_SIM_Win32.h" />
		<Unit filename="GUI\Include\GUI_SetOrientation.h" />
		<Unit filename="GUI\Include\GUI_SetOrientationCX.h" />
		<Unit filename="GUI\Include\GUI_Type.h" />
		<Unit filename="GUI\Include\GUI_VNC.h" />
		<Unit filename="GUI\Include\GUI_Version.h" />
		<Unit filename="GUI\Include\Global.h" />
		<Unit filename="GUI\Include\HEADER.h" />
		<Unit filename="GUI\Include\HEADER_Private.h" />
		<Unit filename="GUI\Include\ICONVIEW.h" />
		<Unit filename="GUI\Include\ICONVIEW_Private.h" />
		<Unit filename="GUI\Include\IMAGE.h" />
		<Unit filename="GUI\Include\IMAGE_Private.h" />
		<Unit filename="GUI\Include\LCD.h" />
		<Unit filename="GUI\Include\LCDSIM_Private.h" />
		<Unit filename="GUI\Include\LCD_ConfDefaults.h" />
		<Unit filename="GUI\Include\LCD_Private.h" />
		<Unit filename="GUI\Include\LCD_Protected.h" />
		<Unit filename="GUI\Include\LCD_SIM.h" />
		<Unit filename="GUI\Include\LISTBOX.h" />
		<Unit filename="GUI\Include\LISTBOX_Private.h" />
		<Unit filename="GUI\Include\LISTVIEW.h" />
		<Unit filename="GUI\Include\LISTVIEW_Private.h" />
		<Unit filename="GUI\Include\LISTWHEEL.h" />
		<Unit filename="GUI\Include\LISTWHEEL_Private.h" />
		<Unit filename="GUI\Include\MENU.h" />
		<Unit filename="GUI\Include\MENU_Private.h" />
		<Unit filename="GUI\Include\MESSAGEBOX.h" />
		<Unit filename="GUI\Include\MULTIEDIT.h" />
		<Unit filename="GUI\Include\MULTIPAGE.h" />
		<Unit filename="GUI\Include\MULTIPAGE_Private.h" />
		<Unit filename="GUI\Include\PROGBAR.h" />
		<Unit filename="GUI\Include\PROGBAR_Private.h" />
		<Unit filename="GUI\Include\RADIO.h" />
		<Unit filename="GUI\Include\RADIO_Private.h" />
		<Unit filename="GUI\Include\SCROLLBAR.h" />
		<Unit filename="GUI\Include\SCROLLBAR_Private.h" />
		<Unit filename="GUI\Include\SIM.h" />
		<Unit filename="GUI\Include\SIM_GetRegions.h" />
		<Unit filename="GUI\Include\SLIDER.h" />
		<Unit filename="GUI\Include\SLIDER_Private.h" />
		<Unit filename="GUI\Include\SPINBOX.h" />
		<Unit filename="GUI\Include\SPINBOX_Private.h" />
		<Unit filename="GUI\Include\TEXT.h" />
		<Unit filename="GUI\Include\TEXT_Private.h" />
		<Unit filename="GUI\Include\TREEVIEW.h" />
		<Unit filename="GUI\Include\TREEVIEW_Private.h" />
		<Unit filename="GUI\Include\WIDGET.h" />
		<Unit filename="GUI\Include\WINDOW_Private.h" />
		<Unit filename="GUI\Include\WM.h" />
		<Unit filename="GUI\Include\WM_GUI.h" />
		<Unit filename="GUI\Include\WM_Intern.h" />
		<Unit filename="Simulation\WinMain.c">
			<Option compilerVar="CC" />
		</Unit>
		<Extensions>
			<code_completion />
			<debugger />
		</Extensions>
	</Project>
</CodeBlocks_project_file>
